{
  "name": "Awesome-Books-ES6",
  "version": "1.0.0",
  "lockfileVersion": 2,
  "requires": true,
  "packages": {
    "": {
      "version": "1.0.0",
      "license": "ISC",
      "dependencies": {
        "luxon": "^2.3.1"
      }
    },
    "node_modules/luxon": {
      "version": "2.3.1",
      "resolved": "https://registry.npmjs.org/luxon/-/luxon-2.3.1.tgz",
      "integrity": "sha512-I8vnjOmhXsMSlNMZlMkSOvgrxKJl0uOsEzdGgGNZuZPaS9KlefpE9KV95QFftlJSC+1UyCC9/I69R02cz/zcCA==",
      "engines": {
        "node": ">=12"
      }
    }
  },
  "dependencies": {
    "luxon": {
      "version": "2.3.1",
      "resolved": "https://registry.npmjs.org/luxon/-/luxon-2.3.1.tgz",
      "integrity": "sha512-I8vnjOmhXsMSlNMZlMkSOvgrxKJl0uOsEzdGgGNZuZPaS9KlefpE9KV95QFftlJSC+1UyCC9/I69R02cz/zcCA=="
    }
  }
}
